
Microsoft Visual Studio Solution File, Format Version 12.00
# Visual Studio 15
VisualStudioVersion = 15.0.28307.960
MinimumVisualStudioVersion = 10.0.40219.1
Project("{54435603-DBB4-11D2-8724-00A0C9A8B90C}") = "Console.App.Installer", "Console.App.Installer\Console.App.Installer.vdproj", "{41C9DD97-94E8-4000-B214-5EFC98617B57}"
EndProject
Project("{FAE04EC0-301F-11D3-BF4B-00C04F79EFBC}") = "Console.App.Installer.Helper", "Console.App.Installer.Helper\Console.App.Installer.Helper.csproj", "{CAEB205A-1018-47FD-956D-003A49C2156E}"
EndProject
Project("{FAE04EC0-301F-11D3-BF4B-00C04F79EFBC}") = "Console.App", "Console.App\Console.App.csproj", "{7227DB14-67C4-433A-82B9-A0A25DFCD674}"
EndProject
Global
	GlobalSection(SolutionConfigurationPlatforms) = preSolution
		Debug|Any CPU = Debug|Any CPU
		Release|Any CPU = Release|Any CPU
	EndGlobalSection
	GlobalSection(ProjectConfigurationPlatforms) = postSolution
		{41C9DD97-94E8-4000-B214-5EFC98617B57}.Debug|Any CPU.ActiveCfg = Debug
		{41C9DD97-94E8-4000-B214-5EFC98617B57}.Debug|Any CPU.Build.0 = Debug
		{41C9DD97-94E8-4000-B214-5EFC98617B57}.Release|Any CPU.ActiveCfg = Release
		{41C9DD97-94E8-4000-B214-5EFC98617B57}.Release|Any CPU.Build.0 = Release
		{CAEB205A-1018-47FD-956D-003A49C2156E}.Debug|Any CPU.ActiveCfg = Debug|Any CPU
		{CAEB205A-1018-47FD-956D-003A49C2156E}.Debug|Any CPU.Build.0 = Debug|Any CPU
		{CAEB205A-1018-47FD-956D-003A49C2156E}.Release|Any CPU.ActiveCfg = Release|Any CPU
		{CAEB205A-1018-47FD-956D-003A49C2156E}.Release|Any CPU.Build.0 = Release|Any CPU
		{7227DB14-67C4-433A-82B9-A0A25DFCD674}.Debug|Any CPU.ActiveCfg = Debug|Any CPU
		{7227DB14-67C4-433A-82B9-A0A25DFCD674}.Debug|Any CPU.Build.0 = Debug|Any CPU
		{7227DB14-67C4-433A-82B9-A0A25DFCD674}.Release|Any CPU.ActiveCfg = Release|Any CPU
		{7227DB14-67C4-433A-82B9-A0A25DFCD674}.Release|Any CPU.Build.0 = Release|Any CPU
	EndGlobalSection
	GlobalSection(SolutionProperties) = preSolution
		HideSolutionNode = FALSE
	EndGlobalSection
	GlobalSection(ExtensibilityGlobals) = postSolution
		SolutionGuid = {30768795-2A22-4FF2-BEBB-22369D8A6667}
	EndGlobalSection
EndGlobal
